PODS:
  - Capacitor (5.6.0):
    - CapacitorCordova
  - CapacitorCordova (5.6.0)
  - CapacitorFilesystem (5.2.1):
    - Capacitor

DEPENDENCIES:
  - "Capacitor (from `../../node_modules/@capacitor/ios`)"
  - "CapacitorCordova (from `../../node_modules/@capacitor/ios`)"
  - "CapacitorFilesystem (from `../../node_modules/@capacitor/filesystem`)"

EXTERNAL SOURCES:
  Capacitor:
    :path: "../../node_modules/@capacitor/ios"
  CapacitorCordova:
    :path: "../../node_modules/@capacitor/ios"
  CapacitorFilesystem:
    :path: "../../node_modules/@capacitor/filesystem"

SPEC CHECKSUMS:
  Capacitor: ebfc16cdb8116d04c101686b080342872da42d43
  CapacitorCordova: 931b48fcdbc9bc985fc2f16cec9f77c794a27729
  CapacitorFilesystem: 9f3e3c7fea2fff12f46dd5b07a2914f2103e4cfc

PODFILE CHECKSUM: 73437dea079dd6c5718d3902ebf782137e5496d2

COCOAPODS: 1.15.0
